# This file is autogenerated, do not edit; changes may be undone by the next 'dep ensure'.


[[projects]]
  name = "github.com/alecthomas/kingpin"
  packages = ["."]
  revision = "1087e65c9441605df944fb12c33f0fe7072d18ca"
  version = "v2.2.5"

[[projects]]
  branch = "master"
  name = "github.com/alecthomas/template"
  packages = [".","parse"]
  revision = "a0175ee3bccc567396460bf5acd36800cb10c49c"

[[projects]]
  branch = "master"
  name = "github.com/alecthomas/units"
  packages = ["."]
  revision = "2efee857e7cfd4f3d0138cc3cbb1b4966962b93a"

[[projects]]
  name = "github.com/fsnotify/fsnotify"
  packages = ["."]
  revision = "629574ca2a5df945712d3079857300b5e4da0236"
  version = "v1.4.2"

[[projects]]
  name = "github.com/influxdata/influxdb"
  packages = ["client/v2","models","pkg/escape"]
  revision = "5887e92e8950435ac7e496ff8dada784051284b7"
  version = "v1.3.1"

[[projects]]
  branch = "master"
  name = "github.com/jprichardson/readline-go"
  packages = ["."]
  revision = "69d39989b17ebcfba22d05171eb786919c04b896"

[[projects]]
  name = "github.com/pkg/profile"
  packages = ["."]
  revision = "5b67d428864e92711fcbd2f8629456121a56d91f"
  version = "v1.2.1"

[[projects]]
  branch = "master"
  name = "gitlab.alcf.anl.gov/bsallen/watcher"
  packages = ["watch"]
  revision = "5f037a0c8f2170f7d0206107d7cb6b0270214e30"
  source = "git@gitlab.alcf.anl.gov:bsallen/watcher.git"

[[projects]]
  branch = "master"
  name = "golang.org/x/sys"
  packages = ["unix"]
  revision = "35ef4487ce0a1ea5d4b616ffe71e34febe723695"

[solve-meta]
  analyzer-name = "dep"
  analyzer-version = 1
  inputs-digest = "832ed667bce2fa1b16e19528efb0ee1c285b4b060c9515acf5be567d26ff56c7"
  solver-name = "gps-cdcl"
  solver-version = 1
